
Microsoft Visual Studio Solution File, Format Version 12.00
# Visual Studio 15
VisualStudioVersion = 15.0.27130.2036
MinimumVisualStudioVersion = 10.0.40219.1
Project("{F184B08F-C81C-45F6-A57F-5ABD9991F28F}") = "aoReporting", "visitCharts\aoReporting.vbproj", "{39F4B572-0757-41D1-89FE-B2DA9CB3D291}"
EndProject
Global
	GlobalSection(SolutionConfigurationPlatforms) = preSolution
		Debug|Any CPU = Debug|Any CPU
		Release|Any CPU = Release|Any CPU
	EndGlobalSection
	GlobalSection(ProjectConfigurationPlatforms) = postSolution
		{39F4B572-0757-41D1-89FE-B2DA9CB3D291}.Debug|Any CPU.ActiveCfg = Debug|Any CPU
		{39F4B572-0757-41D1-89FE-B2DA9CB3D291}.Debug|Any CPU.Build.0 = Debug|Any CPU
		{39F4B572-0757-41D1-89FE-B2DA9CB3D291}.Release|Any CPU.ActiveCfg = Release|Any CPU
		{39F4B572-0757-41D1-89FE-B2DA9CB3D291}.Release|Any CPU.Build.0 = Release|Any CPU
	EndGlobalSection
	GlobalSection(SolutionProperties) = preSolution
		HideSolutionNode = FALSE
	EndGlobalSection
	GlobalSection(ExtensibilityGlobals) = postSolution
		SolutionGuid = {5F0E9E5F-E693-4FFD-A88A-CC4C6CC6C046}
	EndGlobalSection
EndGlobal
